// !$*UTF8*$!
{
	archiveVersion = 1;
	classes = {
	};
	objectVersion = 46;
	objects = {

/* Begin PBXBuildFile section */
		8E5C9BCD1C571956000E819B /* main.m in Sources */ = {isa = PBXBuildFile; fileRef = 8E5C9BCC1C571956000E819B /* main.m */; };
		8E5C9BD01C571956000E819B /* AppDelegate.m in Sources */ = {isa = PBXBuildFile; fileRef = 8E5C9BCF1C571956000E819B /* AppDelegate.m */; };
		8E5C9BD31C571956000E819B /* ColorVectorParentViewController.m in Sources */ = {isa = PBXBuildFile; fileRef = 8E5C9BD21C571956000E819B /* ColorVectorParentViewController.m */; };
		8E5C9BD61C571956000E819B /* Main.storyboard in Resources */ = {isa = PBXBuildFile; fileRef = 8E5C9BD41C571956000E819B /* Main.storyboard */; };
		8E5C9BD81C571956000E819B /* Assets.xcassets in Resources */ = {isa = PBXBuildFile; fileRef = 8E5C9BD71C571956000E819B /* Assets.xcassets */; };
		8E5C9BDB1C571956000E819B /* LaunchScreen.storyboard in Resources */ = {isa = PBXBuildFile; fileRef = 8E5C9BD91C571956000E819B /* LaunchScreen.storyboard */; };
		DF00474A1C5F3EE600A5C4F4 /* ASTM30RfRgViewController.m in Sources */ = {isa = PBXBuildFile; fileRef = DF0047491C5F3EE600A5C4F4 /* ASTM30RfRgViewController.m */; };
		DF2E319A1C6046D70061AF89 /* RfRgParentViewController.m in Sources */ = {isa = PBXBuildFile; fileRef = DF2E31991C6046D70061AF89 /* RfRgParentViewController.m */; };
		DF2EA6D81C5F327000B7139C /* ASTM30ColorVectorViewController+PointsInfoToLayersDictionary.m in Sources */ = {isa = PBXBuildFile; fileRef = DF2EA6CF1C5F327000B7139C /* ASTM30ColorVectorViewController+PointsInfoToLayersDictionary.m */; };
		DF2EA6D91C5F327000B7139C /* ASTM30ColorVectorViewController.m in Sources */ = {isa = PBXBuildFile; fileRef = DF2EA6D11C5F327000B7139C /* ASTM30ColorVectorViewController.m */; };
		DF2EA6DA1C5F327000B7139C /* ASTM30CoordinateSpace.m in Sources */ = {isa = PBXBuildFile; fileRef = DF2EA6D41C5F327000B7139C /* ASTM30CoordinateSpace.m */; };
		DF2EA6DB1C5F327000B7139C /* ASTM30PointsInfo.m in Sources */ = {isa = PBXBuildFile; fileRef = DF2EA6D61C5F327000B7139C /* ASTM30PointsInfo.m */; };
		DF2EA6E11C5F32D600B7139C /* MZMath.m in Sources */ = {isa = PBXBuildFile; fileRef = DF2EA6E01C5F32D600B7139C /* MZMath.m */; };
		DF2EA6E41C5F32FF00B7139C /* MZNSCollectionExtensions.m in Sources */ = {isa = PBXBuildFile; fileRef = DF2EA6E31C5F32FF00B7139C /* MZNSCollectionExtensions.m */; };
/* End PBXBuildFile section */

/* Begin PBXFileReference section */
		8E5C9BC81C571956000E819B /* ASTM30View-ObjC.app */ = {isa = PBXFileReference; explicitFileType = wrapper.application; includeInIndex = 0; path = "ASTM30View-ObjC.app"; sourceTree = BUILT_PRODUCTS_DIR; };
		8E5C9BCC1C571956000E819B /* main.m */ = {isa = PBXFileReference; lastKnownFileType = sourcecode.c.objc; path = main.m; sourceTree = "<group>"; };
		8E5C9BCE1C571956000E819B /* AppDelegate.h */ = {isa = PBXFileReference; lastKnownFileType = sourcecode.c.h; path = AppDelegate.h; sourceTree = "<group>"; };
		8E5C9BCF1C571956000E819B /* AppDelegate.m */ = {isa = PBXFileReference; lastKnownFileType = sourcecode.c.objc; path = AppDelegate.m; sourceTree = "<group>"; };
		8E5C9BD11C571956000E819B /* ColorVectorParentViewController.h */ = {isa = PBXFileReference; lastKnownFileType = sourcecode.c.h; path = ColorVectorParentViewController.h; sourceTree = "<group>"; };
		8E5C9BD21C571956000E819B /* ColorVectorParentViewController.m */ = {isa = PBXFileReference; lastKnownFileType = sourcecode.c.objc; path = ColorVectorParentViewController.m; sourceTree = "<group>"; };
		8E5C9BD51C571956000E819B /* Base */ = {isa = PBXFileReference; lastKnownFileType = file.storyboard; name = Base; path = Base.lproj/Main.storyboard; sourceTree = "<group>"; };
		8E5C9BD71C571956000E819B /* Assets.xcassets */ = {isa = PBXFileReference; lastKnownFileType = folder.assetcatalog; path = Assets.xcassets; sourceTree = "<group>"; };
		8E5C9BDA1C571956000E819B /* Base */ = {isa = PBXFileReference; lastKnownFileType = file.storyboard; name = Base; path = Base.lproj/LaunchScreen.storyboard; sourceTree = "<group>"; };
		8E5C9BDC1C571956000E819B /* Info.plist */ = {isa = PBXFileReference; lastKnownFileType = text.plist.xml; path = Info.plist; sourceTree = "<group>"; };
		DF0047481C5F3EE600A5C4F4 /* ASTM30RfRgViewController.h */ = {isa = PBXFileReference; fileEncoding = 4; lastKnownFileType = sourcecode.c.h; path = ASTM30RfRgViewController.h; sourceTree = "<group>"; };
		DF0047491C5F3EE600A5C4F4 /* ASTM30RfRgViewController.m */ = {isa = PBXFileReference; fileEncoding = 4; lastKnownFileType = sourcecode.c.objc; path = ASTM30RfRgViewController.m; sourceTree = "<group>"; };
		DF00474B1C5F573100A5C4F4 /* MZBlocks.h */ = {isa = PBXFileReference; lastKnownFileType = sourcecode.c.h; name = MZBlocks.h; path = "../../../../../../iOS/src/lolimizuki/Projects/MZ-ObjC/MZBlocks.h"; sourceTree = "<group>"; };
		DF2E31981C6046D70061AF89 /* RfRgParentViewController.h */ = {isa = PBXFileReference; fileEncoding = 4; lastKnownFileType = sourcecode.c.h; path = RfRgParentViewController.h; sourceTree = "<group>"; };
		DF2E31991C6046D70061AF89 /* RfRgParentViewController.m */ = {isa = PBXFileReference; fileEncoding = 4; lastKnownFileType = sourcecode.c.objc; path = RfRgParentViewController.m; sourceTree = "<group>"; };
		DF2EA6CE1C5F327000B7139C /* ASTM30ColorVectorViewController+PointsInfoToLayersDictionary.h */ = {isa = PBXFileReference; fileEncoding = 4; lastKnownFileType = sourcecode.c.h; path = "ASTM30ColorVectorViewController+PointsInfoToLayersDictionary.h"; sourceTree = "<group>"; };
		DF2EA6CF1C5F327000B7139C /* ASTM30ColorVectorViewController+PointsInfoToLayersDictionary.m */ = {isa = PBXFileReference; fileEncoding = 4; lastKnownFileType = sourcecode.c.objc; path = "ASTM30ColorVectorViewController+PointsInfoToLayersDictionary.m"; sourceTree = "<group>"; };
		DF2EA6D01C5F327000B7139C /* ASTM30ColorVectorViewController.h */ = {isa = PBXFileReference; fileEncoding = 4; lastKnownFileType = sourcecode.c.h; path = ASTM30ColorVectorViewController.h; sourceTree = "<group>"; };
		DF2EA6D11C5F327000B7139C /* ASTM30ColorVectorViewController.m */ = {isa = PBXFileReference; fileEncoding = 4; lastKnownFileType = sourcecode.c.objc; path = ASTM30ColorVectorViewController.m; sourceTree = "<group>"; };
		DF2EA6D31C5F327000B7139C /* ASTM30CoordinateSpace.h */ = {isa = PBXFileReference; fileEncoding = 4; lastKnownFileType = sourcecode.c.h; path = ASTM30CoordinateSpace.h; sourceTree = "<group>"; };
		DF2EA6D41C5F327000B7139C /* ASTM30CoordinateSpace.m */ = {isa = PBXFileReference; fileEncoding = 4; lastKnownFileType = sourcecode.c.objc; path = ASTM30CoordinateSpace.m; sourceTree = "<group>"; };
		DF2EA6D51C5F327000B7139C /* ASTM30PointsInfo.h */ = {isa = PBXFileReference; fileEncoding = 4; lastKnownFileType = sourcecode.c.h; path = ASTM30PointsInfo.h; sourceTree = "<group>"; };
		DF2EA6D61C5F327000B7139C /* ASTM30PointsInfo.m */ = {isa = PBXFileReference; fileEncoding = 4; lastKnownFileType = sourcecode.c.objc; path = ASTM30PointsInfo.m; sourceTree = "<group>"; };
		DF2EA6DD1C5F327800B7139C /* MZ.h */ = {isa = PBXFileReference; fileEncoding = 4; lastKnownFileType = sourcecode.c.h; path = MZ.h; sourceTree = "<group>"; };
		DF2EA6DE1C5F32D600B7139C /* MZLogs.h */ = {isa = PBXFileReference; fileEncoding = 4; lastKnownFileType = sourcecode.c.h; name = MZLogs.h; path = "../../../../../../iOS/src/lolimizuki/Projects/MZ-ObjC/MZLogs.h"; sourceTree = "<group>"; };
		DF2EA6DF1C5F32D600B7139C /* MZMath.h */ = {isa = PBXFileReference; fileEncoding = 4; lastKnownFileType = sourcecode.c.h; name = MZMath.h; path = "../../../../../../iOS/src/lolimizuki/Projects/MZ-ObjC/MZMath.h"; sourceTree = "<group>"; };
		DF2EA6E01C5F32D600B7139C /* MZMath.m */ = {isa = PBXFileReference; fileEncoding = 4; lastKnownFileType = sourcecode.c.objc; name = MZMath.m; path = "../../../../../../iOS/src/lolimizuki/Projects/MZ-ObjC/MZMath.m"; sourceTree = "<group>"; };
		DF2EA6E21C5F32FF00B7139C /* MZNSCollectionExtensions.h */ = {isa = PBXFileReference; fileEncoding = 4; lastKnownFileType = sourcecode.c.h; name = MZNSCollectionExtensions.h; path = "../../../../../../iOS/src/lolimizuki/Projects/MZ-ObjC/MZNSCollectionExtensions.h"; sourceTree = "<group>"; };
		DF2EA6E31C5F32FF00B7139C /* MZNSCollectionExtensions.m */ = {isa = PBXFileReference; fileEncoding = 4; lastKnownFileType = sourcecode.c.objc; name = MZNSCollectionExtensions.m; path = "../../../../../../iOS/src/lolimizuki/Projects/MZ-ObjC/MZNSCollectionExtensions.m"; sourceTree = "<group>"; };
		DF2EA6E51C5F330800B7139C /* MZCGExtensions.h */ = {isa = PBXFileReference; lastKnownFileType = sourcecode.c.h; name = MZCGExtensions.h; path = "../../../../../../iOS/src/lolimizuki/Projects/MZ-ObjC/MZCGExtensions.h"; sourceTree = "<group>"; };
		DF2EA6E61C5F332200B7139C /* MZCodeMiracle.h */ = {isa = PBXFileReference; lastKnownFileType = sourcecode.c.h; name = MZCodeMiracle.h; path = "../../../../../../iOS/src/lolimizuki/Projects/MZ-ObjC/MZCodeMiracle.h"; sourceTree = "<group>"; };
/* End PBXFileReference section */

/* Begin PBXFrameworksBuildPhase section */
		8E5C9BC51C571956000E819B /* Frameworks */ = {
			isa = PBXFrameworksBuildPhase;
			buildActionMask = 2147483647;
			files = (
			);
			runOnlyForDeploymentPostprocessing = 0;
		};
/* End PBXFrameworksBuildPhase section */

/* Begin PBXGroup section */
		8E5C9BBF1C571956000E819B = {
			isa = PBXGroup;
			children = (
				8E5C9BCA1C571956000E819B /* ASTM30View-ObjC */,
				8E5C9BC91C571956000E819B /* Products */,
			);
			sourceTree = "<group>";
		};
		8E5C9BC91C571956000E819B /* Products */ = {
			isa = PBXGroup;
			children = (
				8E5C9BC81C571956000E819B /* ASTM30View-ObjC.app */,
			);
			name = Products;
			sourceTree = "<group>";
		};
		8E5C9BCA1C571956000E819B /* ASTM30View-ObjC */ = {
			isa = PBXGroup;
			children = (
				8E5C9BCE1C571956000E819B /* AppDelegate.h */,
				8E5C9BCF1C571956000E819B /* AppDelegate.m */,
				8E5C9BD11C571956000E819B /* ColorVectorParentViewController.h */,
				8E5C9BD21C571956000E819B /* ColorVectorParentViewController.m */,
				DF2E31981C6046D70061AF89 /* RfRgParentViewController.h */,
				DF2E31991C6046D70061AF89 /* RfRgParentViewController.m */,
				DF2EA6CC1C5F327000B7139C /* ASTM30 */,
				DF2EA6DC1C5F327800B7139C /* MZ-ObjC */,
				8E5C9BD41C571956000E819B /* Main.storyboard */,
				8E5C9BD71C571956000E819B /* Assets.xcassets */,
				8E5C9BD91C571956000E819B /* LaunchScreen.storyboard */,
				8E5C9BDC1C571956000E819B /* Info.plist */,
				8E5C9BCB1C571956000E819B /* Supporting Files */,
			);
			path = "ASTM30View-ObjC";
			sourceTree = "<group>";
		};
		8E5C9BCB1C571956000E819B /* Supporting Files */ = {
			isa = PBXGroup;
			children = (
				8E5C9BCC1C571956000E819B /* main.m */,
			);
			name = "Supporting Files";
			sourceTree = "<group>";
		};
		DF0047471C5F3ED700A5C4F4 /* ASTM30RfRgViewController */ = {
			isa = PBXGroup;
			children = (
				DF0047481C5F3EE600A5C4F4 /* ASTM30RfRgViewController.h */,
				DF0047491C5F3EE600A5C4F4 /* ASTM30RfRgViewController.m */,
			);
			path = ASTM30RfRgViewController;
			sourceTree = "<group>";
		};
		DF2EA6CC1C5F327000B7139C /* ASTM30 */ = {
			isa = PBXGroup;
			children = (
				DF2EA6CD1C5F327000B7139C /* ASTM30ColorVectorViewController */,
				DF2EA6D21C5F327000B7139C /* ASTM30Datas */,
				DF0047471C5F3ED700A5C4F4 /* ASTM30RfRgViewController */,
			);
			path = ASTM30;
			sourceTree = "<group>";
		};
		DF2EA6CD1C5F327000B7139C /* ASTM30ColorVectorViewController */ = {
			isa = PBXGroup;
			children = (
				DF2EA6CE1C5F327000B7139C /* ASTM30ColorVectorViewController+PointsInfoToLayersDictionary.h */,
				DF2EA6CF1C5F327000B7139C /* ASTM30ColorVectorViewController+PointsInfoToLayersDictionary.m */,
				DF2EA6D01C5F327000B7139C /* ASTM30ColorVectorViewController.h */,
				DF2EA6D11C5F327000B7139C /* ASTM30ColorVectorViewController.m */,
			);
			path = ASTM30ColorVectorViewController;
			sourceTree = "<group>";
		};
		DF2EA6D21C5F327000B7139C /* ASTM30Datas */ = {
			isa = PBXGroup;
			children = (
				DF2EA6D31C5F327000B7139C /* ASTM30CoordinateSpace.h */,
				DF2EA6D41C5F327000B7139C /* ASTM30CoordinateSpace.m */,
				DF2EA6D51C5F327000B7139C /* ASTM30PointsInfo.h */,
				DF2EA6D61C5F327000B7139C /* ASTM30PointsInfo.m */,
			);
			path = ASTM30Datas;
			sourceTree = "<group>";
		};
		DF2EA6DC1C5F327800B7139C /* MZ-ObjC */ = {
			isa = PBXGroup;
			children = (
				DF2EA6DD1C5F327800B7139C /* MZ.h */,
				DF2EA6E61C5F332200B7139C /* MZCodeMiracle.h */,
				DF00474B1C5F573100A5C4F4 /* MZBlocks.h */,
				DF2EA6DE1C5F32D600B7139C /* MZLogs.h */,
				DF2EA6DF1C5F32D600B7139C /* MZMath.h */,
				DF2EA6E01C5F32D600B7139C /* MZMath.m */,
				DF2EA6E21C5F32FF00B7139C /* MZNSCollectionExtensions.h */,
				DF2EA6E31C5F32FF00B7139C /* MZNSCollectionExtensions.m */,
				DF2EA6E51C5F330800B7139C /* MZCGExtensions.h */,
			);
			path = "MZ-ObjC";
			sourceTree = "<group>";
		};
/* End PBXGroup section */

/* Begin PBXNativeTarget section */
		8E5C9BC71C571956000E819B /* ASTM30View-ObjC */ = {
			isa = PBXNativeTarget;
			buildConfigurationList = 8E5C9BDF1C571956000E819B /* Build configuration list for PBXNativeTarget "ASTM30View-ObjC" */;
			buildPhases = (
				8E5C9BC41C571956000E819B /* Sources */,
				8E5C9BC51C571956000E819B /* Frameworks */,
				8E5C9BC61C571956000E819B /* Resources */,
			);
			buildRules = (
			);
			dependencies = (
			);
			name = "ASTM30View-ObjC";
			productName = "ASTM30View-ObjC";
			productReference = 8E5C9BC81C571956000E819B /* ASTM30View-ObjC.app */;
			productType = "com.apple.product-type.application";
		};
/* End PBXNativeTarget section */

/* Begin PBXProject section */
		8E5C9BC01C571956000E819B /* Project object */ = {
			isa = PBXProject;
			attributes = {
				LastUpgradeCheck = 0720;
				ORGANIZATIONNAME = "Inaba Mizuki";
				TargetAttributes = {
					8E5C9BC71C571956000E819B = {
						CreatedOnToolsVersion = 7.2;
					};
				};
			};
			buildConfigurationList = 8E5C9BC31C571956000E819B /* Build configuration list for PBXProject "ASTM30View-ObjC" */;
			compatibilityVersion = "Xcode 3.2";
			developmentRegion = English;
			hasScannedForEncodings = 0;
			knownRegions = (
				en,
				Base,
			);
			mainGroup = 8E5C9BBF1C571956000E819B;
			productRefGroup = 8E5C9BC91C571956000E819B /* Products */;
			projectDirPath = "";
			projectRoot = "";
			targets = (
				8E5C9BC71C571956000E819B /* ASTM30View-ObjC */,
			);
		};
/* End PBXProject section */

/* Begin PBXResourcesBuildPhase section */
		8E5C9BC61C571956000E819B /* Resources */ = {
			isa = PBXResourcesBuildPhase;
			buildActionMask = 2147483647;
			files = (
				8E5C9BDB1C571956000E819B /* LaunchScreen.storyboard in Resources */,
				8E5C9BD81C571956000E819B /* Assets.xcassets in Resources */,
				8E5C9BD61C571956000E819B /* Main.storyboard in Resources */,
			);
			runOnlyForDeploymentPostprocessing = 0;
		};
/* End PBXResourcesBuildPhase section */

/* Begin PBXSourcesBuildPhase section */
		8E5C9BC41C571956000E819B /* Sources */ = {
			isa = PBXSourcesBuildPhase;
			buildActionMask = 2147483647;
			files = (
				DF2EA6E41C5F32FF00B7139C /* MZNSCollectionExtensions.m in Sources */,
				8E5C9BD31C571956000E819B /* ColorVectorParentViewController.m in Sources */,
				8E5C9BD01C571956000E819B /* AppDelegate.m in Sources */,
				DF00474A1C5F3EE600A5C4F4 /* ASTM30RfRgViewController.m in Sources */,
				DF2EA6DA1C5F327000B7139C /* ASTM30CoordinateSpace.m in Sources */,
				DF2E319A1C6046D70061AF89 /* RfRgParentViewController.m in Sources */,
				DF2EA6DB1C5F327000B7139C /* ASTM30PointsInfo.m in Sources */,
				DF2EA6E11C5F32D600B7139C /* MZMath.m in Sources */,
				8E5C9BCD1C571956000E819B /* main.m in Sources */,
				DF2EA6D91C5F327000B7139C /* ASTM30ColorVectorViewController.m in Sources */,
				DF2EA6D81C5F327000B7139C /* ASTM30ColorVectorViewController+PointsInfoToLayersDictionary.m in Sources */,
			);
			runOnlyForDeploymentPostprocessing = 0;
		};
/* End PBXSourcesBuildPhase section */

/* Begin PBXVariantGroup section */
		8E5C9BD41C571956000E819B /* Main.storyboard */ = {
			isa = PBXVariantGroup;
			children = (
				8E5C9BD51C571956000E819B /* Base */,
			);
			name = Main.storyboard;
			sourceTree = "<group>";
		};
		8E5C9BD91C571956000E819B /* LaunchScreen.storyboard */ = {
			isa = PBXVariantGroup;
			children = (
				8E5C9BDA1C571956000E819B /* Base */,
			);
			name = LaunchScreen.storyboard;
			sourceTree = "<group>";
		};
/* End PBXVariantGroup section */

/* Begin XCBuildConfiguration section */
		8E5C9BDD1C571956000E819B /* Debug */ = {
			isa = XCBuildConfiguration;
			buildSettings = {
				ALWAYS_SEARCH_USER_PATHS = NO;
				CLANG_CXX_LANGUAGE_STANDARD = "gnu++0x";
				CLANG_CXX_LIBRARY = "libc++";
				CLANG_ENABLE_MODULES = YES;
				CLANG_ENABLE_OBJC_ARC = YES;
				CLANG_WARN_BOOL_CONVERSION = YES;
				CLANG_WARN_CONSTANT_CONVERSION = YES;
				CLANG_WARN_DIRECT_OBJC_ISA_USAGE = YES_ERROR;
				CLANG_WARN_EMPTY_BODY = YES;
				CLANG_WARN_ENUM_CONVERSION = YES;
				CLANG_WARN_INT_CONVERSION = YES;
				CLANG_WARN_OBJC_ROOT_CLASS = YES_ERROR;
				CLANG_WARN_UNREACHABLE_CODE = YES;
				CLANG_WARN__DUPLICATE_METHOD_MATCH = YES;
				"CODE_SIGN_IDENTITY[sdk=iphoneos*]" = "iPhone Developer";
				COPY_PHASE_STRIP = NO;
				DEBUG_INFORMATION_FORMAT = dwarf;
				ENABLE_STRICT_OBJC_MSGSEND = YES;
				ENABLE_TESTABILITY = YES;
				GCC_C_LANGUAGE_STANDARD = gnu99;
				GCC_DYNAMIC_NO_PIC = NO;
				GCC_NO_COMMON_BLOCKS = YES;
				GCC_OPTIMIZATION_LEVEL = 0;
				GCC_PREPROCESSOR_DEFINITIONS = (
					"DEBUG=1",
					"$(inherited)",
				);
				GCC_WARN_64_TO_32_BIT_CONVERSION = YES;
				GCC_WARN_ABOUT_RETURN_TYPE = YES_ERROR;
				GCC_WARN_UNDECLARED_SELECTOR = YES;
				GCC_WARN_UNINITIALIZED_AUTOS = YES_AGGRESSIVE;
				GCC_WARN_UNUSED_FUNCTION = YES;
				GCC_WARN_UNUSED_VARIABLE = YES;
				IPHONEOS_DEPLOYMENT_TARGET = 9.2;
				MTL_ENABLE_DEBUG_INFO = YES;
				ONLY_ACTIVE_ARCH = YES;
				SDKROOT = iphoneos;
				TARGETED_DEVICE_FAMILY = "1,2";
			};
			name = Debug;
		};
		8E5C9BDE1C571956000E819B /* Release */ = {
			isa = XCBuildConfiguration;
			buildSettings = {
				ALWAYS_SEARCH_USER_PATHS = NO;
				CLANG_CXX_LANGUAGE_STANDARD = "gnu++0x";
				CLANG_CXX_LIBRARY = "libc++";
				CLANG_ENABLE_MODULES = YES;
				CLANG_ENABLE_OBJC_ARC = YES;
				CLANG_WARN_BOOL_CONVERSION = YES;
				CLANG_WARN_CONSTANT_CONVERSION = YES;
				CLANG_WARN_DIRECT_OBJC_ISA_USAGE = YES_ERROR;
				CLANG_WARN_EMPTY_BODY = YES;
				CLANG_WARN_ENUM_CONVERSION = YES;
				CLANG_WARN_INT_CONVERSION = YES;
				CLANG_WARN_OBJC_ROOT_CLASS = YES_ERROR;
				CLANG_WARN_UNREACHABLE_CODE = YES;
				CLANG_WARN__DUPLICATE_METHOD_MATCH = YES;
				"CODE_SIGN_IDENTITY[sdk=iphoneos*]" = "iPhone Developer";
				COPY_PHASE_STRIP = NO;
				DEBUG_INFORMATION_FORMAT = "dwarf-with-dsym";
				ENABLE_NS_ASSERTIONS = NO;
				ENABLE_STRICT_OBJC_MSGSEND = YES;
				GCC_C_LANGUAGE_STANDARD = gnu99;
				GCC_NO_COMMON_BLOCKS = YES;
				GCC_WARN_64_TO_32_BIT_CONVERSION = YES;
				GCC_WARN_ABOUT_RETURN_TYPE = YES_ERROR;
				GCC_WARN_UNDECLARED_SELECTOR = YES;
				GCC_WARN_UNINITIALIZED_AUTOS = YES_AGGRESSIVE;
				GCC_WARN_UNUSED_FUNCTION = YES;
				GCC_WARN_UNUSED_VARIABLE = YES;
				IPHONEOS_DEPLOYMENT_TARGET = 9.2;
				MTL_ENABLE_DEBUG_INFO = NO;
				SDKROOT = iphoneos;
				TARGETED_DEVICE_FAMILY = "1,2";
				VALIDATE_PRODUCT = YES;
			};
			name = Release;
		};
		8E5C9BE01C571956000E819B /* Debug */ = {
			isa = XCBuildConfiguration;
			buildSettings = {
				ASSETCATALOG_COMPILER_APPICON_NAME = AppIcon;
				INFOPLIST_FILE = "ASTM30View-ObjC/Info.plist";
				IPHONEOS_DEPLOYMENT_TARGET = 9.2;
				LD_RUNPATH_SEARCH_PATHS = "$(inherited) @executable_path/Frameworks";
				OTHER_CFLAGS = (
					"-D",
					MZDEBUG,
				);
				PRODUCT_BUNDLE_IDENTIFIER = "com.mizuclub.ASTM30View-ObjC";
				PRODUCT_NAME = "$(TARGET_NAME)";
			};
			name = Debug;
		};
		8E5C9BE11C571956000E819B /* Release */ = {
			isa = XCBuildConfiguration;
			buildSettings = {
				ASSETCATALOG_COMPILER_APPICON_NAME = AppIcon;
				INFOPLIST_FILE = "ASTM30View-ObjC/Info.plist";
				IPHONEOS_DEPLOYMENT_TARGET = 9.2;
				LD_RUNPATH_SEARCH_PATHS = "$(inherited) @executable_path/Frameworks";
				PRODUCT_BUNDLE_IDENTIFIER = "com.mizuclub.ASTM30View-ObjC";
				PRODUCT_NAME = "$(TARGET_NAME)";
			};
			name = Release;
		};
/* End XCBuildConfiguration section */

/* Begin XCConfigurationList section */
		8E5C9BC31C571956000E819B /* Build configuration list for PBXProject "ASTM30View-ObjC" */ = {
			isa = XCConfigurationList;
			buildConfigurations = (
				8E5C9BDD1C571956000E819B /* Debug */,
				8E5C9BDE1C571956000E819B /* Release */,
			);
			defaultConfigurationIsVisible = 0;
			defaultConfigurationName = Release;
		};
		8E5C9BDF1C571956000E819B /* Build configuration list for PBXNativeTarget "ASTM30View-ObjC" */ = {
			isa = XCConfigurationList;
			buildConfigurations = (
				8E5C9BE01C571956000E819B /* Debug */,
				8E5C9BE11C571956000E819B /* Release */,
			);
			defaultConfigurationIsVisible = 0;
			defaultConfigurationName = Release;
		};
/* End XCConfigurationList section */
	};
	rootObject = 8E5C9BC01C571956000E819B /* Project object */;
}
