// !$*UTF8*$!
{
	archiveVersion = 1;
	classes = {
	};
	objectVersion = 46;
	objects = {

/* Begin PBXBuildFile section */
		8E86C1B41C5B6233004C017B /* RgRfParentViewController.swift in Sources */ = {isa = PBXBuildFile; fileRef = 8E86C1B31C5B6233004C017B /* RgRfParentViewController.swift */; };
		8EB9829D1C5202B100593591 /* ColorVectorParentViewController.swift in Sources */ = {isa = PBXBuildFile; fileRef = 8EB9829C1C5202B100593591 /* ColorVectorParentViewController.swift */; };
		8EEC0C3B1C58BD7700B5EE4C /* MZ.InAppPurchaseManger.swift in Sources */ = {isa = PBXBuildFile; fileRef = 8EEC0C2C1C58BD7700B5EE4C /* MZ.InAppPurchaseManger.swift */; };
		8EEC0C3C1C58BD7700B5EE4C /* MZ.CGExtensions.swift in Sources */ = {isa = PBXBuildFile; fileRef = 8EEC0C2E1C58BD7700B5EE4C /* MZ.CGExtensions.swift */; };
		8EEC0C3D1C58BD7700B5EE4C /* MZ.SceneWithQueue.swift in Sources */ = {isa = PBXBuildFile; fileRef = 8EEC0C2F1C58BD7700B5EE4C /* MZ.SceneWithQueue.swift */; };
		8EEC0C3E1C58BD7700B5EE4C /* MZ.Shapes.swift in Sources */ = {isa = PBXBuildFile; fileRef = 8EEC0C301C58BD7700B5EE4C /* MZ.Shapes.swift */; };
		8EEC0C3F1C58BD7700B5EE4C /* MZ.swift in Sources */ = {isa = PBXBuildFile; fileRef = 8EEC0C311C58BD7700B5EE4C /* MZ.swift */; };
		8EEC0C401C58BD7700B5EE4C /* MZ.TypeDefines.swift in Sources */ = {isa = PBXBuildFile; fileRef = 8EEC0C321C58BD7700B5EE4C /* MZ.TypeDefines.swift */; };
		8EEC0C411C58BD7700B5EE4C /* MZ.TouchDefines.swift in Sources */ = {isa = PBXBuildFile; fileRef = 8EEC0C341C58BD7700B5EE4C /* MZ.TouchDefines.swift */; };
		8EEC0C421C58BD7700B5EE4C /* MZ.Debugs.swift in Sources */ = {isa = PBXBuildFile; fileRef = 8EEC0C361C58BD7700B5EE4C /* MZ.Debugs.swift */; };
		8EEC0C431C58BD7700B5EE4C /* MZ.Degrees.swift in Sources */ = {isa = PBXBuildFile; fileRef = 8EEC0C371C58BD7700B5EE4C /* MZ.Degrees.swift */; };
		8EEC0C441C58BD7700B5EE4C /* MZ.Maths.swift in Sources */ = {isa = PBXBuildFile; fileRef = 8EEC0C381C58BD7700B5EE4C /* MZ.Maths.swift */; };
		8EEC0C451C58BD7700B5EE4C /* MZ.Ranges.swift in Sources */ = {isa = PBXBuildFile; fileRef = 8EEC0C391C58BD7700B5EE4C /* MZ.Ranges.swift */; };
		8EEC0C461C58BD7700B5EE4C /* MZ.Types.swift in Sources */ = {isa = PBXBuildFile; fileRef = 8EEC0C3A1C58BD7700B5EE4C /* MZ.Types.swift */; };
		8EF8D5EC1C50BB0B00D09733 /* AppDelegate.swift in Sources */ = {isa = PBXBuildFile; fileRef = 8EF8D5EB1C50BB0B00D09733 /* AppDelegate.swift */; };
		8EF8D5F11C50BB0B00D09733 /* Main.storyboard in Resources */ = {isa = PBXBuildFile; fileRef = 8EF8D5EF1C50BB0B00D09733 /* Main.storyboard */; };
		8EF8D5F31C50BB0B00D09733 /* Assets.xcassets in Resources */ = {isa = PBXBuildFile; fileRef = 8EF8D5F21C50BB0B00D09733 /* Assets.xcassets */; };
		8EF8D5F61C50BB0B00D09733 /* LaunchScreen.storyboard in Resources */ = {isa = PBXBuildFile; fileRef = 8EF8D5F41C50BB0B00D09733 /* LaunchScreen.storyboard */; };
		DFD515291C5F0FE3007B0450 /* ASTM30ColorVectorViewController.swift in Sources */ = {isa = PBXBuildFile; fileRef = DFD515231C5F0FE3007B0450 /* ASTM30ColorVectorViewController.swift */; };
		DFD5152A1C5F0FE3007B0450 /* ASTM30CoordinateSpace.swift in Sources */ = {isa = PBXBuildFile; fileRef = DFD515251C5F0FE3007B0450 /* ASTM30CoordinateSpace.swift */; };
		DFD5152B1C5F0FE3007B0450 /* ASTM30PointsInfo.swift in Sources */ = {isa = PBXBuildFile; fileRef = DFD515261C5F0FE3007B0450 /* ASTM30PointsInfo.swift */; };
		DFD5152C1C5F0FE3007B0450 /* ASTM30RgRfGraphicViewController.swift in Sources */ = {isa = PBXBuildFile; fileRef = DFD515281C5F0FE3007B0450 /* ASTM30RgRfGraphicViewController.swift */; };
/* End PBXBuildFile section */

/* Begin PBXFileReference section */
		8E86C1B31C5B6233004C017B /* RgRfParentViewController.swift */ = {isa = PBXFileReference; fileEncoding = 4; lastKnownFileType = sourcecode.swift; path = RgRfParentViewController.swift; sourceTree = "<group>"; };
		8EB9829C1C5202B100593591 /* ColorVectorParentViewController.swift */ = {isa = PBXFileReference; fileEncoding = 4; lastKnownFileType = sourcecode.swift; path = ColorVectorParentViewController.swift; sourceTree = "<group>"; };
		8EEC0C2C1C58BD7700B5EE4C /* MZ.InAppPurchaseManger.swift */ = {isa = PBXFileReference; fileEncoding = 4; lastKnownFileType = sourcecode.swift; path = MZ.InAppPurchaseManger.swift; sourceTree = "<group>"; };
		8EEC0C2E1C58BD7700B5EE4C /* MZ.CGExtensions.swift */ = {isa = PBXFileReference; fileEncoding = 4; lastKnownFileType = sourcecode.swift; path = MZ.CGExtensions.swift; sourceTree = "<group>"; };
		8EEC0C2F1C58BD7700B5EE4C /* MZ.SceneWithQueue.swift */ = {isa = PBXFileReference; fileEncoding = 4; lastKnownFileType = sourcecode.swift; path = MZ.SceneWithQueue.swift; sourceTree = "<group>"; };
		8EEC0C301C58BD7700B5EE4C /* MZ.Shapes.swift */ = {isa = PBXFileReference; fileEncoding = 4; lastKnownFileType = sourcecode.swift; path = MZ.Shapes.swift; sourceTree = "<group>"; };
		8EEC0C311C58BD7700B5EE4C /* MZ.swift */ = {isa = PBXFileReference; fileEncoding = 4; lastKnownFileType = sourcecode.swift; path = MZ.swift; sourceTree = "<group>"; };
		8EEC0C321C58BD7700B5EE4C /* MZ.TypeDefines.swift */ = {isa = PBXFileReference; fileEncoding = 4; lastKnownFileType = sourcecode.swift; path = MZ.TypeDefines.swift; sourceTree = "<group>"; };
		8EEC0C341C58BD7700B5EE4C /* MZ.TouchDefines.swift */ = {isa = PBXFileReference; fileEncoding = 4; lastKnownFileType = sourcecode.swift; path = MZ.TouchDefines.swift; sourceTree = "<group>"; };
		8EEC0C361C58BD7700B5EE4C /* MZ.Debugs.swift */ = {isa = PBXFileReference; fileEncoding = 4; lastKnownFileType = sourcecode.swift; path = MZ.Debugs.swift; sourceTree = "<group>"; };
		8EEC0C371C58BD7700B5EE4C /* MZ.Degrees.swift */ = {isa = PBXFileReference; fileEncoding = 4; lastKnownFileType = sourcecode.swift; path = MZ.Degrees.swift; sourceTree = "<group>"; };
		8EEC0C381C58BD7700B5EE4C /* MZ.Maths.swift */ = {isa = PBXFileReference; fileEncoding = 4; lastKnownFileType = sourcecode.swift; path = MZ.Maths.swift; sourceTree = "<group>"; };
		8EEC0C391C58BD7700B5EE4C /* MZ.Ranges.swift */ = {isa = PBXFileReference; fileEncoding = 4; lastKnownFileType = sourcecode.swift; path = MZ.Ranges.swift; sourceTree = "<group>"; };
		8EEC0C3A1C58BD7700B5EE4C /* MZ.Types.swift */ = {isa = PBXFileReference; fileEncoding = 4; lastKnownFileType = sourcecode.swift; path = MZ.Types.swift; sourceTree = "<group>"; };
		8EF8D5E81C50BB0B00D09733 /* ASTM30View-Swift.app */ = {isa = PBXFileReference; explicitFileType = wrapper.application; includeInIndex = 0; path = "ASTM30View-Swift.app"; sourceTree = BUILT_PRODUCTS_DIR; };
		8EF8D5EB1C50BB0B00D09733 /* AppDelegate.swift */ = {isa = PBXFileReference; lastKnownFileType = sourcecode.swift; path = AppDelegate.swift; sourceTree = "<group>"; };
		8EF8D5F01C50BB0B00D09733 /* Base */ = {isa = PBXFileReference; lastKnownFileType = file.storyboard; name = Base; path = Base.lproj/Main.storyboard; sourceTree = "<group>"; };
		8EF8D5F21C50BB0B00D09733 /* Assets.xcassets */ = {isa = PBXFileReference; lastKnownFileType = folder.assetcatalog; path = Assets.xcassets; sourceTree = "<group>"; };
		8EF8D5F51C50BB0B00D09733 /* Base */ = {isa = PBXFileReference; lastKnownFileType = file.storyboard; name = Base; path = Base.lproj/LaunchScreen.storyboard; sourceTree = "<group>"; };
		8EF8D5F71C50BB0B00D09733 /* Info.plist */ = {isa = PBXFileReference; lastKnownFileType = text.plist.xml; path = Info.plist; sourceTree = "<group>"; };
		DFD515231C5F0FE3007B0450 /* ASTM30ColorVectorViewController.swift */ = {isa = PBXFileReference; fileEncoding = 4; lastKnownFileType = sourcecode.swift; path = ASTM30ColorVectorViewController.swift; sourceTree = "<group>"; };
		DFD515251C5F0FE3007B0450 /* ASTM30CoordinateSpace.swift */ = {isa = PBXFileReference; fileEncoding = 4; lastKnownFileType = sourcecode.swift; path = ASTM30CoordinateSpace.swift; sourceTree = "<group>"; };
		DFD515261C5F0FE3007B0450 /* ASTM30PointsInfo.swift */ = {isa = PBXFileReference; fileEncoding = 4; lastKnownFileType = sourcecode.swift; path = ASTM30PointsInfo.swift; sourceTree = "<group>"; };
		DFD515281C5F0FE3007B0450 /* ASTM30RgRfGraphicViewController.swift */ = {isa = PBXFileReference; fileEncoding = 4; lastKnownFileType = sourcecode.swift; path = ASTM30RgRfGraphicViewController.swift; sourceTree = "<group>"; };
/* End PBXFileReference section */

/* Begin PBXFrameworksBuildPhase section */
		8EF8D5E51C50BB0B00D09733 /* Frameworks */ = {
			isa = PBXFrameworksBuildPhase;
			buildActionMask = 2147483647;
			files = (
			);
			runOnlyForDeploymentPostprocessing = 0;
		};
/* End PBXFrameworksBuildPhase section */

/* Begin PBXGroup section */
		8EEC0C2A1C58BD7700B5EE4C /* MZ-Swifts */ = {
			isa = PBXGroup;
			children = (
				8EEC0C2B1C58BD7700B5EE4C /* Capabilities */,
				8EEC0C2D1C58BD7700B5EE4C /* CGExtensions */,
				8EEC0C2F1C58BD7700B5EE4C /* MZ.SceneWithQueue.swift */,
				8EEC0C301C58BD7700B5EE4C /* MZ.Shapes.swift */,
				8EEC0C311C58BD7700B5EE4C /* MZ.swift */,
				8EEC0C321C58BD7700B5EE4C /* MZ.TypeDefines.swift */,
				8EEC0C331C58BD7700B5EE4C /* TouchExtensions */,
				8EEC0C351C58BD7700B5EE4C /* Utilities */,
			);
			name = "MZ-Swifts";
			path = "../../../../iOS/src/lolimizuki/Projects/MZ-Swifts/MZ-Swifts/MZ-Swifts";
			sourceTree = "<group>";
		};
		8EEC0C2B1C58BD7700B5EE4C /* Capabilities */ = {
			isa = PBXGroup;
			children = (
				8EEC0C2C1C58BD7700B5EE4C /* MZ.InAppPurchaseManger.swift */,
			);
			path = Capabilities;
			sourceTree = "<group>";
		};
		8EEC0C2D1C58BD7700B5EE4C /* CGExtensions */ = {
			isa = PBXGroup;
			children = (
				8EEC0C2E1C58BD7700B5EE4C /* MZ.CGExtensions.swift */,
			);
			path = CGExtensions;
			sourceTree = "<group>";
		};
		8EEC0C331C58BD7700B5EE4C /* TouchExtensions */ = {
			isa = PBXGroup;
			children = (
				8EEC0C341C58BD7700B5EE4C /* MZ.TouchDefines.swift */,
			);
			path = TouchExtensions;
			sourceTree = "<group>";
		};
		8EEC0C351C58BD7700B5EE4C /* Utilities */ = {
			isa = PBXGroup;
			children = (
				8EEC0C361C58BD7700B5EE4C /* MZ.Debugs.swift */,
				8EEC0C371C58BD7700B5EE4C /* MZ.Degrees.swift */,
				8EEC0C381C58BD7700B5EE4C /* MZ.Maths.swift */,
				8EEC0C391C58BD7700B5EE4C /* MZ.Ranges.swift */,
				8EEC0C3A1C58BD7700B5EE4C /* MZ.Types.swift */,
			);
			path = Utilities;
			sourceTree = "<group>";
		};
		8EF8D5DF1C50BB0B00D09733 = {
			isa = PBXGroup;
			children = (
				8EF8D5EA1C50BB0B00D09733 /* ASColorVectorViewProj */,
				8EEC0C2A1C58BD7700B5EE4C /* MZ-Swifts */,
				8EF8D5E91C50BB0B00D09733 /* Products */,
			);
			sourceTree = "<group>";
		};
		8EF8D5E91C50BB0B00D09733 /* Products */ = {
			isa = PBXGroup;
			children = (
				8EF8D5E81C50BB0B00D09733 /* ASTM30View-Swift.app */,
			);
			name = Products;
			sourceTree = "<group>";
		};
		8EF8D5EA1C50BB0B00D09733 /* ASColorVectorViewProj */ = {
			isa = PBXGroup;
			children = (
				8EF8D5EB1C50BB0B00D09733 /* AppDelegate.swift */,
				8EB9829C1C5202B100593591 /* ColorVectorParentViewController.swift */,
				8E86C1B31C5B6233004C017B /* RgRfParentViewController.swift */,
				DFD515211C5F0FE3007B0450 /* ASTM30 */,
				8EF8D5EF1C50BB0B00D09733 /* Main.storyboard */,
				8EF8D5F21C50BB0B00D09733 /* Assets.xcassets */,
				8EF8D5F41C50BB0B00D09733 /* LaunchScreen.storyboard */,
				8EF8D5F71C50BB0B00D09733 /* Info.plist */,
			);
			path = ASColorVectorViewProj;
			sourceTree = "<group>";
		};
		DFD515211C5F0FE3007B0450 /* ASTM30 */ = {
			isa = PBXGroup;
			children = (
				DFD515241C5F0FE3007B0450 /* ASTM30Datas */,
				DFD515221C5F0FE3007B0450 /* ASTM30ColorVectorViewController */,
				DFD515271C5F0FE3007B0450 /* ASTM30RgRfGraphicViewController */,
			);
			path = ASTM30;
			sourceTree = "<group>";
		};
		DFD515221C5F0FE3007B0450 /* ASTM30ColorVectorViewController */ = {
			isa = PBXGroup;
			children = (
				DFD515231C5F0FE3007B0450 /* ASTM30ColorVectorViewController.swift */,
			);
			path = ASTM30ColorVectorViewController;
			sourceTree = "<group>";
		};
		DFD515241C5F0FE3007B0450 /* ASTM30Datas */ = {
			isa = PBXGroup;
			children = (
				DFD515251C5F0FE3007B0450 /* ASTM30CoordinateSpace.swift */,
				DFD515261C5F0FE3007B0450 /* ASTM30PointsInfo.swift */,
			);
			path = ASTM30Datas;
			sourceTree = "<group>";
		};
		DFD515271C5F0FE3007B0450 /* ASTM30RgRfGraphicViewController */ = {
			isa = PBXGroup;
			children = (
				DFD515281C5F0FE3007B0450 /* ASTM30RgRfGraphicViewController.swift */,
			);
			path = ASTM30RgRfGraphicViewController;
			sourceTree = "<group>";
		};
/* End PBXGroup section */

/* Begin PBXNativeTarget section */
		8EF8D5E71C50BB0B00D09733 /* ASTM30View-Swift */ = {
			isa = PBXNativeTarget;
			buildConfigurationList = 8EF8D5FA1C50BB0B00D09733 /* Build configuration list for PBXNativeTarget "ASTM30View-Swift" */;
			buildPhases = (
				8EF8D5E41C50BB0B00D09733 /* Sources */,
				8EF8D5E51C50BB0B00D09733 /* Frameworks */,
				8EF8D5E61C50BB0B00D09733 /* Resources */,
			);
			buildRules = (
			);
			dependencies = (
			);
			name = "ASTM30View-Swift";
			productName = ASColorVectorViewProj;
			productReference = 8EF8D5E81C50BB0B00D09733 /* ASTM30View-Swift.app */;
			productType = "com.apple.product-type.application";
		};
/* End PBXNativeTarget section */

/* Begin PBXProject section */
		8EF8D5E01C50BB0B00D09733 /* Project object */ = {
			isa = PBXProject;
			attributes = {
				LastSwiftUpdateCheck = 0720;
				LastUpgradeCheck = 0720;
				ORGANIZATIONNAME = "Inaba Mizuki";
				TargetAttributes = {
					8EF8D5E71C50BB0B00D09733 = {
						CreatedOnToolsVersion = 7.2;
						DevelopmentTeam = XZ6C2H52ZS;
					};
				};
			};
			buildConfigurationList = 8EF8D5E31C50BB0B00D09733 /* Build configuration list for PBXProject "ASTM30View-Swift" */;
			compatibilityVersion = "Xcode 3.2";
			developmentRegion = English;
			hasScannedForEncodings = 0;
			knownRegions = (
				en,
				Base,
			);
			mainGroup = 8EF8D5DF1C50BB0B00D09733;
			productRefGroup = 8EF8D5E91C50BB0B00D09733 /* Products */;
			projectDirPath = "";
			projectRoot = "";
			targets = (
				8EF8D5E71C50BB0B00D09733 /* ASTM30View-Swift */,
			);
		};
/* End PBXProject section */

/* Begin PBXResourcesBuildPhase section */
		8EF8D5E61C50BB0B00D09733 /* Resources */ = {
			isa = PBXResourcesBuildPhase;
			buildActionMask = 2147483647;
			files = (
				8EF8D5F61C50BB0B00D09733 /* LaunchScreen.storyboard in Resources */,
				8EF8D5F31C50BB0B00D09733 /* Assets.xcassets in Resources */,
				8EF8D5F11C50BB0B00D09733 /* Main.storyboard in Resources */,
			);
			runOnlyForDeploymentPostprocessing = 0;
		};
/* End PBXResourcesBuildPhase section */

/* Begin PBXSourcesBuildPhase section */
		8EF8D5E41C50BB0B00D09733 /* Sources */ = {
			isa = PBXSourcesBuildPhase;
			buildActionMask = 2147483647;
			files = (
				DFD5152B1C5F0FE3007B0450 /* ASTM30PointsInfo.swift in Sources */,
				8EEC0C441C58BD7700B5EE4C /* MZ.Maths.swift in Sources */,
				8EEC0C3E1C58BD7700B5EE4C /* MZ.Shapes.swift in Sources */,
				8EF8D5EC1C50BB0B00D09733 /* AppDelegate.swift in Sources */,
				8EB9829D1C5202B100593591 /* ColorVectorParentViewController.swift in Sources */,
				8EEC0C401C58BD7700B5EE4C /* MZ.TypeDefines.swift in Sources */,
				8EEC0C3B1C58BD7700B5EE4C /* MZ.InAppPurchaseManger.swift in Sources */,
				8EEC0C3D1C58BD7700B5EE4C /* MZ.SceneWithQueue.swift in Sources */,
				8E86C1B41C5B6233004C017B /* RgRfParentViewController.swift in Sources */,
				8EEC0C431C58BD7700B5EE4C /* MZ.Degrees.swift in Sources */,
				DFD515291C5F0FE3007B0450 /* ASTM30ColorVectorViewController.swift in Sources */,
				8EEC0C421C58BD7700B5EE4C /* MZ.Debugs.swift in Sources */,
				8EEC0C3F1C58BD7700B5EE4C /* MZ.swift in Sources */,
				DFD5152C1C5F0FE3007B0450 /* ASTM30RgRfGraphicViewController.swift in Sources */,
				8EEC0C461C58BD7700B5EE4C /* MZ.Types.swift in Sources */,
				8EEC0C411C58BD7700B5EE4C /* MZ.TouchDefines.swift in Sources */,
				8EEC0C3C1C58BD7700B5EE4C /* MZ.CGExtensions.swift in Sources */,
				8EEC0C451C58BD7700B5EE4C /* MZ.Ranges.swift in Sources */,
				DFD5152A1C5F0FE3007B0450 /* ASTM30CoordinateSpace.swift in Sources */,
			);
			runOnlyForDeploymentPostprocessing = 0;
		};
/* End PBXSourcesBuildPhase section */

/* Begin PBXVariantGroup section */
		8EF8D5EF1C50BB0B00D09733 /* Main.storyboard */ = {
			isa = PBXVariantGroup;
			children = (
				8EF8D5F01C50BB0B00D09733 /* Base */,
			);
			name = Main.storyboard;
			sourceTree = "<group>";
		};
		8EF8D5F41C50BB0B00D09733 /* LaunchScreen.storyboard */ = {
			isa = PBXVariantGroup;
			children = (
				8EF8D5F51C50BB0B00D09733 /* Base */,
			);
			name = LaunchScreen.storyboard;
			sourceTree = "<group>";
		};
/* End PBXVariantGroup section */

/* Begin XCBuildConfiguration section */
		8EF8D5F81C50BB0B00D09733 /* Debug */ = {
			isa = XCBuildConfiguration;
			buildSettings = {
				ALWAYS_SEARCH_USER_PATHS = NO;
				CLANG_CXX_LANGUAGE_STANDARD = "gnu++0x";
				CLANG_CXX_LIBRARY = "libc++";
				CLANG_ENABLE_MODULES = YES;
				CLANG_ENABLE_OBJC_ARC = YES;
				CLANG_WARN_BOOL_CONVERSION = YES;
				CLANG_WARN_CONSTANT_CONVERSION = YES;
				CLANG_WARN_DIRECT_OBJC_ISA_USAGE = YES_ERROR;
				CLANG_WARN_EMPTY_BODY = YES;
				CLANG_WARN_ENUM_CONVERSION = YES;
				CLANG_WARN_INT_CONVERSION = YES;
				CLANG_WARN_OBJC_ROOT_CLASS = YES_ERROR;
				CLANG_WARN_UNREACHABLE_CODE = YES;
				CLANG_WARN__DUPLICATE_METHOD_MATCH = YES;
				"CODE_SIGN_IDENTITY[sdk=iphoneos*]" = "iPhone Developer";
				COPY_PHASE_STRIP = NO;
				DEBUG_INFORMATION_FORMAT = dwarf;
				ENABLE_STRICT_OBJC_MSGSEND = YES;
				ENABLE_TESTABILITY = YES;
				GCC_C_LANGUAGE_STANDARD = gnu99;
				GCC_DYNAMIC_NO_PIC = NO;
				GCC_NO_COMMON_BLOCKS = YES;
				GCC_OPTIMIZATION_LEVEL = 0;
				GCC_PREPROCESSOR_DEFINITIONS = (
					"DEBUG=1",
					"$(inherited)",
				);
				GCC_WARN_64_TO_32_BIT_CONVERSION = YES;
				GCC_WARN_ABOUT_RETURN_TYPE = YES_ERROR;
				GCC_WARN_UNDECLARED_SELECTOR = YES;
				GCC_WARN_UNINITIALIZED_AUTOS = YES_AGGRESSIVE;
				GCC_WARN_UNUSED_FUNCTION = YES;
				GCC_WARN_UNUSED_VARIABLE = YES;
				IPHONEOS_DEPLOYMENT_TARGET = 9.2;
				MTL_ENABLE_DEBUG_INFO = YES;
				ONLY_ACTIVE_ARCH = YES;
				SDKROOT = iphoneos;
				SWIFT_OPTIMIZATION_LEVEL = "-Onone";
				TARGETED_DEVICE_FAMILY = "1,2";
			};
			name = Debug;
		};
		8EF8D5F91C50BB0B00D09733 /* Release */ = {
			isa = XCBuildConfiguration;
			buildSettings = {
				ALWAYS_SEARCH_USER_PATHS = NO;
				CLANG_CXX_LANGUAGE_STANDARD = "gnu++0x";
				CLANG_CXX_LIBRARY = "libc++";
				CLANG_ENABLE_MODULES = YES;
				CLANG_ENABLE_OBJC_ARC = YES;
				CLANG_WARN_BOOL_CONVERSION = YES;
				CLANG_WARN_CONSTANT_CONVERSION = YES;
				CLANG_WARN_DIRECT_OBJC_ISA_USAGE = YES_ERROR;
				CLANG_WARN_EMPTY_BODY = YES;
				CLANG_WARN_ENUM_CONVERSION = YES;
				CLANG_WARN_INT_CONVERSION = YES;
				CLANG_WARN_OBJC_ROOT_CLASS = YES_ERROR;
				CLANG_WARN_UNREACHABLE_CODE = YES;
				CLANG_WARN__DUPLICATE_METHOD_MATCH = YES;
				"CODE_SIGN_IDENTITY[sdk=iphoneos*]" = "iPhone Developer";
				COPY_PHASE_STRIP = NO;
				DEBUG_INFORMATION_FORMAT = "dwarf-with-dsym";
				ENABLE_NS_ASSERTIONS = NO;
				ENABLE_STRICT_OBJC_MSGSEND = YES;
				GCC_C_LANGUAGE_STANDARD = gnu99;
				GCC_NO_COMMON_BLOCKS = YES;
				GCC_WARN_64_TO_32_BIT_CONVERSION = YES;
				GCC_WARN_ABOUT_RETURN_TYPE = YES_ERROR;
				GCC_WARN_UNDECLARED_SELECTOR = YES;
				GCC_WARN_UNINITIALIZED_AUTOS = YES_AGGRESSIVE;
				GCC_WARN_UNUSED_FUNCTION = YES;
				GCC_WARN_UNUSED_VARIABLE = YES;
				IPHONEOS_DEPLOYMENT_TARGET = 9.2;
				MTL_ENABLE_DEBUG_INFO = NO;
				SDKROOT = iphoneos;
				TARGETED_DEVICE_FAMILY = "1,2";
				VALIDATE_PRODUCT = YES;
			};
			name = Release;
		};
		8EF8D5FB1C50BB0B00D09733 /* Debug */ = {
			isa = XCBuildConfiguration;
			buildSettings = {
				ASSETCATALOG_COMPILER_APPICON_NAME = AppIcon;
				CODE_SIGN_IDENTITY = "iPhone Developer";
				INFOPLIST_FILE = ASColorVectorViewProj/Info.plist;
				LD_RUNPATH_SEARCH_PATHS = "$(inherited) @executable_path/Frameworks";
				OTHER_SWIFT_FLAGS = "-D MZDEBUG";
				PRODUCT_BUNDLE_IDENTIFIER = com.mizuclub.ASColorVectorViewProj;
				PRODUCT_NAME = "ASTM30View-Swift";
			};
			name = Debug;
		};
		8EF8D5FC1C50BB0B00D09733 /* Release */ = {
			isa = XCBuildConfiguration;
			buildSettings = {
				ASSETCATALOG_COMPILER_APPICON_NAME = AppIcon;
				CODE_SIGN_IDENTITY = "iPhone Developer";
				INFOPLIST_FILE = ASColorVectorViewProj/Info.plist;
				LD_RUNPATH_SEARCH_PATHS = "$(inherited) @executable_path/Frameworks";
				PRODUCT_BUNDLE_IDENTIFIER = com.mizuclub.ASColorVectorViewProj;
				PRODUCT_NAME = "ASTM30View-Swift";
			};
			name = Release;
		};
/* End XCBuildConfiguration section */

/* Begin XCConfigurationList section */
		8EF8D5E31C50BB0B00D09733 /* Build configuration list for PBXProject "ASTM30View-Swift" */ = {
			isa = XCConfigurationList;
			buildConfigurations = (
				8EF8D5F81C50BB0B00D09733 /* Debug */,
				8EF8D5F91C50BB0B00D09733 /* Release */,
			);
			defaultConfigurationIsVisible = 0;
			defaultConfigurationName = Release;
		};
		8EF8D5FA1C50BB0B00D09733 /* Build configuration list for PBXNativeTarget "ASTM30View-Swift" */ = {
			isa = XCConfigurationList;
			buildConfigurations = (
				8EF8D5FB1C50BB0B00D09733 /* Debug */,
				8EF8D5FC1C50BB0B00D09733 /* Release */,
			);
			defaultConfigurationIsVisible = 0;
			defaultConfigurationName = Release;
		};
/* End XCConfigurationList section */
	};
	rootObject = 8EF8D5E01C50BB0B00D09733 /* Project object */;
}
